
Microsoft Visual Studio Solution File, Format Version 12.00
# Visual Studio Version 17
VisualStudioVersion = 17.9.34728.123
MinimumVisualStudioVersion = 10.0.40219.1
Project("{9A19103F-16F7-4668-BE54-9A1E7A4F7556}") = "KampIntro", "KampIntro\KampIntro.csproj", "{73B70499-83F0-4824-93F6-CA43B7F43C84}"
EndProject
Project("{9A19103F-16F7-4668-BE54-9A1E7A4F7556}") = "Donguler", "Donguler\Donguler.csproj", "{2B0FDE06-9E1D-4063-A7E2-BC5C622BEE9A}"
EndProject
Project("{9A19103F-16F7-4668-BE54-9A1E7A4F7556}") = "classIntro", "classIntro\classIntro.csproj", "{B9A75468-1962-4EB1-9A21-DD3B67D6746F}"
EndProject
Project("{FAE04EC0-301F-11D3-BF4B-00C04F79EFBC}") = "Metotlar", "Metotlar\Metotlar.csproj", "{FEFD22BF-1229-49C2-BF3A-3998C43288AC}"
EndProject
Project("{FAE04EC0-301F-11D3-BF4B-00C04F79EFBC}") = "Matematik", "Matematik\Matematik.csproj", "{9BC33313-3C56-472F-A3C4-DD1B26C9FB40}"
EndProject
Project("{FAE04EC0-301F-11D3-BF4B-00C04F79EFBC}") = "DegerVeReferansTipler", "DegerVeReferansTipler\DegerVeReferansTipler.csproj", "{CCF42E24-EA57-42B0-9535-E39F70229563}"
EndProject
Project("{FAE04EC0-301F-11D3-BF4B-00C04F79EFBC}") = "OOP1", "OOP1\OOP1.csproj", "{D66BD42E-85BC-4A93-9472-FD0F4F42CA04}"
EndProject
Project("{FAE04EC0-301F-11D3-BF4B-00C04F79EFBC}") = "Koleksiyonlar", "Koleksiyonlar\Koleksiyonlar.csproj", "{1CECC9C7-3BF1-4114-BF1F-70E7F0F15D3A}"
EndProject
Project("{FAE04EC0-301F-11D3-BF4B-00C04F79EFBC}") = "GenericsIntro", "GenericsIntro\GenericsIntro.csproj", "{BB4D306E-8239-4C78-A803-DB1289D5D309}"
EndProject
Global
	GlobalSection(SolutionConfigurationPlatforms) = preSolution
		Debug|Any CPU = Debug|Any CPU
		Release|Any CPU = Release|Any CPU
	EndGlobalSection
	GlobalSection(ProjectConfigurationPlatforms) = postSolution
		{73B70499-83F0-4824-93F6-CA43B7F43C84}.Debug|Any CPU.ActiveCfg = Debug|Any CPU
		{73B70499-83F0-4824-93F6-CA43B7F43C84}.Debug|Any CPU.Build.0 = Debug|Any CPU
		{73B70499-83F0-4824-93F6-CA43B7F43C84}.Release|Any CPU.ActiveCfg = Release|Any CPU
		{73B70499-83F0-4824-93F6-CA43B7F43C84}.Release|Any CPU.Build.0 = Release|Any CPU
		{2B0FDE06-9E1D-4063-A7E2-BC5C622BEE9A}.Debug|Any CPU.ActiveCfg = Debug|Any CPU
		{2B0FDE06-9E1D-4063-A7E2-BC5C622BEE9A}.Debug|Any CPU.Build.0 = Debug|Any CPU
		{2B0FDE06-9E1D-4063-A7E2-BC5C622BEE9A}.Release|Any CPU.ActiveCfg = Release|Any CPU
		{2B0FDE06-9E1D-4063-A7E2-BC5C622BEE9A}.Release|Any CPU.Build.0 = Release|Any CPU
		{B9A75468-1962-4EB1-9A21-DD3B67D6746F}.Debug|Any CPU.ActiveCfg = Debug|Any CPU
		{B9A75468-1962-4EB1-9A21-DD3B67D6746F}.Debug|Any CPU.Build.0 = Debug|Any CPU
		{B9A75468-1962-4EB1-9A21-DD3B67D6746F}.Release|Any CPU.ActiveCfg = Release|Any CPU
		{B9A75468-1962-4EB1-9A21-DD3B67D6746F}.Release|Any CPU.Build.0 = Release|Any CPU
		{FEFD22BF-1229-49C2-BF3A-3998C43288AC}.Debug|Any CPU.ActiveCfg = Debug|Any CPU
		{FEFD22BF-1229-49C2-BF3A-3998C43288AC}.Debug|Any CPU.Build.0 = Debug|Any CPU
		{FEFD22BF-1229-49C2-BF3A-3998C43288AC}.Release|Any CPU.ActiveCfg = Release|Any CPU
		{FEFD22BF-1229-49C2-BF3A-3998C43288AC}.Release|Any CPU.Build.0 = Release|Any CPU
		{9BC33313-3C56-472F-A3C4-DD1B26C9FB40}.Debug|Any CPU.ActiveCfg = Debug|Any CPU
		{9BC33313-3C56-472F-A3C4-DD1B26C9FB40}.Debug|Any CPU.Build.0 = Debug|Any CPU
		{9BC33313-3C56-472F-A3C4-DD1B26C9FB40}.Release|Any CPU.ActiveCfg = Release|Any CPU
		{9BC33313-3C56-472F-A3C4-DD1B26C9FB40}.Release|Any CPU.Build.0 = Release|Any CPU
		{CCF42E24-EA57-42B0-9535-E39F70229563}.Debug|Any CPU.ActiveCfg = Debug|Any CPU
		{CCF42E24-EA57-42B0-9535-E39F70229563}.Debug|Any CPU.Build.0 = Debug|Any CPU
		{CCF42E24-EA57-42B0-9535-E39F70229563}.Release|Any CPU.ActiveCfg = Release|Any CPU
		{CCF42E24-EA57-42B0-9535-E39F70229563}.Release|Any CPU.Build.0 = Release|Any CPU
		{D66BD42E-85BC-4A93-9472-FD0F4F42CA04}.Debug|Any CPU.ActiveCfg = Debug|Any CPU
		{D66BD42E-85BC-4A93-9472-FD0F4F42CA04}.Debug|Any CPU.Build.0 = Debug|Any CPU
		{D66BD42E-85BC-4A93-9472-FD0F4F42CA04}.Release|Any CPU.ActiveCfg = Release|Any CPU
		{D66BD42E-85BC-4A93-9472-FD0F4F42CA04}.Release|Any CPU.Build.0 = Release|Any CPU
		{1CECC9C7-3BF1-4114-BF1F-70E7F0F15D3A}.Debug|Any CPU.ActiveCfg = Debug|Any CPU
		{1CECC9C7-3BF1-4114-BF1F-70E7F0F15D3A}.Debug|Any CPU.Build.0 = Debug|Any CPU
		{1CECC9C7-3BF1-4114-BF1F-70E7F0F15D3A}.Release|Any CPU.ActiveCfg = Release|Any CPU
		{1CECC9C7-3BF1-4114-BF1F-70E7F0F15D3A}.Release|Any CPU.Build.0 = Release|Any CPU
		{BB4D306E-8239-4C78-A803-DB1289D5D309}.Debug|Any CPU.ActiveCfg = Debug|Any CPU
		{BB4D306E-8239-4C78-A803-DB1289D5D309}.Debug|Any CPU.Build.0 = Debug|Any CPU
		{BB4D306E-8239-4C78-A803-DB1289D5D309}.Release|Any CPU.ActiveCfg = Release|Any CPU
		{BB4D306E-8239-4C78-A803-DB1289D5D309}.Release|Any CPU.Build.0 = Release|Any CPU
	EndGlobalSection
	GlobalSection(SolutionProperties) = preSolution
		HideSolutionNode = FALSE
	EndGlobalSection
	GlobalSection(ExtensibilityGlobals) = postSolution
		SolutionGuid = {208B0E70-5E7F-433C-95DD-25BCDA96A551}
	EndGlobalSection
EndGlobal
